// !$*UTF8*$!
{
	archiveVersion = 1;
	classes = {
	};
	objectVersion = 56;
	objects = {

/* Begin PBXBuildFile section */
		7110C8DC29B61DF100D4BBAA /* ChatDataModel.swift in Sources */ = {isa = PBXBuildFile; fileRef = 7110C8DB29B61DF100D4BBAA /* ChatDataModel.swift */; };
		7153AC1F29B445F80022E1A9 /* SocketIOManagerDefault.swift in Sources */ = {isa = PBXBuildFile; fileRef = 7153AC1E29B445F80022E1A9 /* SocketIOManagerDefault.swift */; };
		7153AC2129B4461E0022E1A9 /* SocketIOManager.swift in Sources */ = {isa = PBXBuildFile; fileRef = 7153AC2029B4461E0022E1A9 /* SocketIOManager.swift */; };
		7153AC2329B447430022E1A9 /* Managers.swift in Sources */ = {isa = PBXBuildFile; fileRef = 7153AC2229B447430022E1A9 /* Managers.swift */; };
		7155368829A9F9A400FFC677 /* ChatAppApp.swift in Sources */ = {isa = PBXBuildFile; fileRef = 7155368729A9F9A400FFC677 /* ChatAppApp.swift */; };
		7155368A29A9F9A400FFC677 /* Persistence.swift in Sources */ = {isa = PBXBuildFile; fileRef = 7155368929A9F9A400FFC677 /* Persistence.swift */; };
		7155368D29A9F9A400FFC677 /* ChatApp.xcdatamodeld in Sources */ = {isa = PBXBuildFile; fileRef = 7155368B29A9F9A400FFC677 /* ChatApp.xcdatamodeld */; };
		7155368F29A9F9A400FFC677 /* ContentView.swift in Sources */ = {isa = PBXBuildFile; fileRef = 7155368E29A9F9A400FFC677 /* ContentView.swift */; };
		7155369129A9F9A500FFC677 /* Assets.xcassets in Resources */ = {isa = PBXBuildFile; fileRef = 7155369029A9F9A500FFC677 /* Assets.xcassets */; };
		7155369529A9F9A500FFC677 /* Preview Assets.xcassets in Resources */ = {isa = PBXBuildFile; fileRef = 7155369429A9F9A500FFC677 /* Preview Assets.xcassets */; };
		7155369F29A9F9A600FFC677 /* ChatAppTests.swift in Sources */ = {isa = PBXBuildFile; fileRef = 7155369E29A9F9A600FFC677 /* ChatAppTests.swift */; };
		715536A929A9F9A600FFC677 /* ChatAppUITests.swift in Sources */ = {isa = PBXBuildFile; fileRef = 715536A829A9F9A600FFC677 /* ChatAppUITests.swift */; };
		715536AB29A9F9A600FFC677 /* ChatAppUITestsLaunchTests.swift in Sources */ = {isa = PBXBuildFile; fileRef = 715536AA29A9F9A600FFC677 /* ChatAppUITestsLaunchTests.swift */; };
		715536B829A9FCD700FFC677 /* ChatRow.swift in Sources */ = {isa = PBXBuildFile; fileRef = 715536B729A9FCD700FFC677 /* ChatRow.swift */; };
		715536BA29A9FF9F00FFC677 /* ChatModel.swift in Sources */ = {isa = PBXBuildFile; fileRef = 715536B929A9FF9F00FFC677 /* ChatModel.swift */; };
		715536BC29AA106E00FFC677 /* DateHelper.swift in Sources */ = {isa = PBXBuildFile; fileRef = 715536BB29AA106E00FFC677 /* DateHelper.swift */; };
		715536BE29AA1EAF00FFC677 /* ChatViewModel.swift in Sources */ = {isa = PBXBuildFile; fileRef = 715536BD29AA1EAF00FFC677 /* ChatViewModel.swift */; };
		715536C029AA219A00FFC677 /* ChatView.swift in Sources */ = {isa = PBXBuildFile; fileRef = 715536BF29AA219A00FFC677 /* ChatView.swift */; };
		71CBAEFB29AE0C1E002C490F /* SocketIO in Frameworks */ = {isa = PBXBuildFile; productRef = 71CBAEFA29AE0C1E002C490F /* SocketIO */; };
		71CBAEFD29AE1BA5002C490F /* SocketHelper.swift in Sources */ = {isa = PBXBuildFile; fileRef = 71CBAEFC29AE1BA5002C490F /* SocketHelper.swift */; };
		71CBAEFF29AE1C73002C490F /* AppUrl.swift in Sources */ = {isa = PBXBuildFile; fileRef = 71CBAEFE29AE1C72002C490F /* AppUrl.swift */; };
/* End PBXBuildFile section */

/* Begin PBXContainerItemProxy section */
		7155369B29A9F9A600FFC677 /* PBXContainerItemProxy */ = {
			isa = PBXContainerItemProxy;
			containerPortal = 7155367C29A9F9A400FFC677 /* Project object */;
			proxyType = 1;
			remoteGlobalIDString = 7155368329A9F9A400FFC677;
			remoteInfo = ChatApp;
		};
		715536A529A9F9A600FFC677 /* PBXContainerItemProxy */ = {
			isa = PBXContainerItemProxy;
			containerPortal = 7155367C29A9F9A400FFC677 /* Project object */;
			proxyType = 1;
			remoteGlobalIDString = 7155368329A9F9A400FFC677;
			remoteInfo = ChatApp;
		};
/* End PBXContainerItemProxy section */

/* Begin PBXFileReference section */
		7110C8DB29B61DF100D4BBAA /* ChatDataModel.swift */ = {isa = PBXFileReference; lastKnownFileType = sourcecode.swift; path = ChatDataModel.swift; sourceTree = "<group>"; };
		7132732129B58B2E0090B05F /* Info.plist */ = {isa = PBXFileReference; lastKnownFileType = text.plist; path = Info.plist; sourceTree = "<group>"; };
		7153AC1E29B445F80022E1A9 /* SocketIOManagerDefault.swift */ = {isa = PBXFileReference; lastKnownFileType = sourcecode.swift; path = SocketIOManagerDefault.swift; sourceTree = "<group>"; };
		7153AC2029B4461E0022E1A9 /* SocketIOManager.swift */ = {isa = PBXFileReference; lastKnownFileType = sourcecode.swift; path = SocketIOManager.swift; sourceTree = "<group>"; };
		7153AC2229B447430022E1A9 /* Managers.swift */ = {isa = PBXFileReference; lastKnownFileType = sourcecode.swift; path = Managers.swift; sourceTree = "<group>"; };
		7155368429A9F9A400FFC677 /* ChatApp.app */ = {isa = PBXFileReference; explicitFileType = wrapper.application; includeInIndex = 0; path = ChatApp.app; sourceTree = BUILT_PRODUCTS_DIR; };
		7155368729A9F9A400FFC677 /* ChatAppApp.swift */ = {isa = PBXFileReference; lastKnownFileType = sourcecode.swift; path = ChatAppApp.swift; sourceTree = "<group>"; };
		7155368929A9F9A400FFC677 /* Persistence.swift */ = {isa = PBXFileReference; lastKnownFileType = sourcecode.swift; path = Persistence.swift; sourceTree = "<group>"; };
		7155368C29A9F9A400FFC677 /* ChatApp.xcdatamodel */ = {isa = PBXFileReference; lastKnownFileType = wrapper.xcdatamodel; path = ChatApp.xcdatamodel; sourceTree = "<group>"; };
		7155368E29A9F9A400FFC677 /* ContentView.swift */ = {isa = PBXFileReference; lastKnownFileType = sourcecode.swift; path = ContentView.swift; sourceTree = "<group>"; };
		7155369029A9F9A500FFC677 /* Assets.xcassets */ = {isa = PBXFileReference; lastKnownFileType = folder.assetcatalog; path = Assets.xcassets; sourceTree = "<group>"; };
		7155369229A9F9A500FFC677 /* ChatApp.entitlements */ = {isa = PBXFileReference; lastKnownFileType = text.plist.entitlements; path = ChatApp.entitlements; sourceTree = "<group>"; };
		7155369429A9F9A500FFC677 /* Preview Assets.xcassets */ = {isa = PBXFileReference; lastKnownFileType = folder.assetcatalog; path = "Preview Assets.xcassets"; sourceTree = "<group>"; };
		7155369A29A9F9A600FFC677 /* ChatAppTests.xctest */ = {isa = PBXFileReference; explicitFileType = wrapper.cfbundle; includeInIndex = 0; path = ChatAppTests.xctest; sourceTree = BUILT_PRODUCTS_DIR; };
		7155369E29A9F9A600FFC677 /* ChatAppTests.swift */ = {isa = PBXFileReference; lastKnownFileType = sourcecode.swift; path = ChatAppTests.swift; sourceTree = "<group>"; };
		715536A429A9F9A600FFC677 /* ChatAppUITests.xctest */ = {isa = PBXFileReference; explicitFileType = wrapper.cfbundle; includeInIndex = 0; path = ChatAppUITests.xctest; sourceTree = BUILT_PRODUCTS_DIR; };
		715536A829A9F9A600FFC677 /* ChatAppUITests.swift */ = {isa = PBXFileReference; lastKnownFileType = sourcecode.swift; path = ChatAppUITests.swift; sourceTree = "<group>"; };
		715536AA29A9F9A600FFC677 /* ChatAppUITestsLaunchTests.swift */ = {isa = PBXFileReference; lastKnownFileType = sourcecode.swift; path = ChatAppUITestsLaunchTests.swift; sourceTree = "<group>"; };
		715536B729A9FCD700FFC677 /* ChatRow.swift */ = {isa = PBXFileReference; lastKnownFileType = sourcecode.swift; path = ChatRow.swift; sourceTree = "<group>"; };
		715536B929A9FF9F00FFC677 /* ChatModel.swift */ = {isa = PBXFileReference; lastKnownFileType = sourcecode.swift; path = ChatModel.swift; sourceTree = "<group>"; };
		715536BB29AA106E00FFC677 /* DateHelper.swift */ = {isa = PBXFileReference; lastKnownFileType = sourcecode.swift; path = DateHelper.swift; sourceTree = "<group>"; };
		715536BD29AA1EAF00FFC677 /* ChatViewModel.swift */ = {isa = PBXFileReference; lastKnownFileType = sourcecode.swift; path = ChatViewModel.swift; sourceTree = "<group>"; };
		715536BF29AA219A00FFC677 /* ChatView.swift */ = {isa = PBXFileReference; lastKnownFileType = sourcecode.swift; path = ChatView.swift; sourceTree = "<group>"; };
		71CBAEFC29AE1BA5002C490F /* SocketHelper.swift */ = {isa = PBXFileReference; lastKnownFileType = sourcecode.swift; path = SocketHelper.swift; sourceTree = "<group>"; };
		71CBAEFE29AE1C72002C490F /* AppUrl.swift */ = {isa = PBXFileReference; lastKnownFileType = sourcecode.swift; path = AppUrl.swift; sourceTree = "<group>"; };
/* End PBXFileReference section */

/* Begin PBXFrameworksBuildPhase section */
		7155368129A9F9A400FFC677 /* Frameworks */ = {
			isa = PBXFrameworksBuildPhase;
			buildActionMask = 2147483647;
			files = (
				71CBAEFB29AE0C1E002C490F /* SocketIO in Frameworks */,
			);
			runOnlyForDeploymentPostprocessing = 0;
		};
		7155369729A9F9A500FFC677 /* Frameworks */ = {
			isa = PBXFrameworksBuildPhase;
			buildActionMask = 2147483647;
			files = (
			);
			runOnlyForDeploymentPostprocessing = 0;
		};
		715536A129A9F9A600FFC677 /* Frameworks */ = {
			isa = PBXFrameworksBuildPhase;
			buildActionMask = 2147483647;
			files = (
			);
			runOnlyForDeploymentPostprocessing = 0;
		};
/* End PBXFrameworksBuildPhase section */

/* Begin PBXGroup section */
		7153AC1D29B445D50022E1A9 /* socketManager */ = {
			isa = PBXGroup;
			children = (
				7153AC1E29B445F80022E1A9 /* SocketIOManagerDefault.swift */,
				7153AC2029B4461E0022E1A9 /* SocketIOManager.swift */,
				7153AC2229B447430022E1A9 /* Managers.swift */,
			);
			path = socketManager;
			sourceTree = "<group>";
		};
		7155367B29A9F9A400FFC677 = {
			isa = PBXGroup;
			children = (
				7153AC1D29B445D50022E1A9 /* socketManager */,
				7155368629A9F9A400FFC677 /* ChatApp */,
				7155369D29A9F9A600FFC677 /* ChatAppTests */,
				715536A729A9F9A600FFC677 /* ChatAppUITests */,
				7155368529A9F9A400FFC677 /* Products */,
			);
			sourceTree = "<group>";
		};
		7155368529A9F9A400FFC677 /* Products */ = {
			isa = PBXGroup;
			children = (
				7155368429A9F9A400FFC677 /* ChatApp.app */,
				7155369A29A9F9A600FFC677 /* ChatAppTests.xctest */,
				715536A429A9F9A600FFC677 /* ChatAppUITests.xctest */,
			);
			name = Products;
			sourceTree = "<group>";
		};
		7155368629A9F9A400FFC677 /* ChatApp */ = {
			isa = PBXGroup;
			children = (
				7132732129B58B2E0090B05F /* Info.plist */,
				7155368729A9F9A400FFC677 /* ChatAppApp.swift */,
				7155368929A9F9A400FFC677 /* Persistence.swift */,
				7155368E29A9F9A400FFC677 /* ContentView.swift */,
				715536B929A9FF9F00FFC677 /* ChatModel.swift */,
				7155369029A9F9A500FFC677 /* Assets.xcassets */,
				7155369229A9F9A500FFC677 /* ChatApp.entitlements */,
				7155368B29A9F9A400FFC677 /* ChatApp.xcdatamodeld */,
				7155369329A9F9A500FFC677 /* Preview Content */,
				715536B729A9FCD700FFC677 /* ChatRow.swift */,
				715536BB29AA106E00FFC677 /* DateHelper.swift */,
				715536BD29AA1EAF00FFC677 /* ChatViewModel.swift */,
				715536BF29AA219A00FFC677 /* ChatView.swift */,
				71CBAEFC29AE1BA5002C490F /* SocketHelper.swift */,
				71CBAEFE29AE1C72002C490F /* AppUrl.swift */,
				7110C8DB29B61DF100D4BBAA /* ChatDataModel.swift */,
			);
			path = ChatApp;
			sourceTree = "<group>";
		};
		7155369329A9F9A500FFC677 /* Preview Content */ = {
			isa = PBXGroup;
			children = (
				7155369429A9F9A500FFC677 /* Preview Assets.xcassets */,
			);
			path = "Preview Content";
			sourceTree = "<group>";
		};
		7155369D29A9F9A600FFC677 /* ChatAppTests */ = {
			isa = PBXGroup;
			children = (
				7155369E29A9F9A600FFC677 /* ChatAppTests.swift */,
			);
			path = ChatAppTests;
			sourceTree = "<group>";
		};
		715536A729A9F9A600FFC677 /* ChatAppUITests */ = {
			isa = PBXGroup;
			children = (
				715536A829A9F9A600FFC677 /* ChatAppUITests.swift */,
				715536AA29A9F9A600FFC677 /* ChatAppUITestsLaunchTests.swift */,
			);
			path = ChatAppUITests;
			sourceTree = "<group>";
		};
/* End PBXGroup section */

/* Begin PBXNativeTarget section */
		7155368329A9F9A400FFC677 /* ChatApp */ = {
			isa = PBXNativeTarget;
			buildConfigurationList = 715536AE29A9F9A600FFC677 /* Build configuration list for PBXNativeTarget "ChatApp" */;
			buildPhases = (
				7155368029A9F9A400FFC677 /* Sources */,
				7155368129A9F9A400FFC677 /* Frameworks */,
				7155368229A9F9A400FFC677 /* Resources */,
			);
			buildRules = (
			);
			dependencies = (
			);
			name = ChatApp;
			packageProductDependencies = (
				71CBAEFA29AE0C1E002C490F /* SocketIO */,
			);
			productName = ChatApp;
			productReference = 7155368429A9F9A400FFC677 /* ChatApp.app */;
			productType = "com.apple.product-type.application";
		};
		7155369929A9F9A500FFC677 /* ChatAppTests */ = {
			isa = PBXNativeTarget;
			buildConfigurationList = 715536B129A9F9A600FFC677 /* Build configuration list for PBXNativeTarget "ChatAppTests" */;
			buildPhases = (
				7155369629A9F9A500FFC677 /* Sources */,
				7155369729A9F9A500FFC677 /* Frameworks */,
				7155369829A9F9A500FFC677 /* Resources */,
			);
			buildRules = (
			);
			dependencies = (
				7155369C29A9F9A600FFC677 /* PBXTargetDependency */,
			);
			name = ChatAppTests;
			productName = ChatAppTests;
			productReference = 7155369A29A9F9A600FFC677 /* ChatAppTests.xctest */;
			productType = "com.apple.product-type.bundle.unit-test";
		};
		715536A329A9F9A600FFC677 /* ChatAppUITests */ = {
			isa = PBXNativeTarget;
			buildConfigurationList = 715536B429A9F9A600FFC677 /* Build configuration list for PBXNativeTarget "ChatAppUITests" */;
			buildPhases = (
				715536A029A9F9A600FFC677 /* Sources */,
				715536A129A9F9A600FFC677 /* Frameworks */,
				715536A229A9F9A600FFC677 /* Resources */,
			);
			buildRules = (
			);
			dependencies = (
				715536A629A9F9A600FFC677 /* PBXTargetDependency */,
			);
			name = ChatAppUITests;
			productName = ChatAppUITests;
			productReference = 715536A429A9F9A600FFC677 /* ChatAppUITests.xctest */;
			productType = "com.apple.product-type.bundle.ui-testing";
		};
/* End PBXNativeTarget section */

/* Begin PBXProject section */
		7155367C29A9F9A400FFC677 /* Project object */ = {
			isa = PBXProject;
			attributes = {
				BuildIndependentTargetsInParallel = 1;
				LastSwiftUpdateCheck = 1420;
				LastUpgradeCheck = 1420;
				TargetAttributes = {
					7155368329A9F9A400FFC677 = {
						CreatedOnToolsVersion = 14.2;
					};
					7155369929A9F9A500FFC677 = {
						CreatedOnToolsVersion = 14.2;
						TestTargetID = 7155368329A9F9A400FFC677;
					};
					715536A329A9F9A600FFC677 = {
						CreatedOnToolsVersion = 14.2;
						TestTargetID = 7155368329A9F9A400FFC677;
					};
				};
			};
			buildConfigurationList = 7155367F29A9F9A400FFC677 /* Build configuration list for PBXProject "ChatApp" */;
			compatibilityVersion = "Xcode 14.0";
			developmentRegion = en;
			hasScannedForEncodings = 0;
			knownRegions = (
				en,
				Base,
			);
			mainGroup = 7155367B29A9F9A400FFC677;
			packageReferences = (
				71CBAEF929AE0C1E002C490F /* XCRemoteSwiftPackageReference "socket" */,
			);
			productRefGroup = 7155368529A9F9A400FFC677 /* Products */;
			projectDirPath = "";
			projectRoot = "";
			targets = (
				7155368329A9F9A400FFC677 /* ChatApp */,
				7155369929A9F9A500FFC677 /* ChatAppTests */,
				715536A329A9F9A600FFC677 /* ChatAppUITests */,
			);
		};
/* End PBXProject section */

/* Begin PBXResourcesBuildPhase section */
		7155368229A9F9A400FFC677 /* Resources */ = {
			isa = PBXResourcesBuildPhase;
			buildActionMask = 2147483647;
			files = (
				7155369529A9F9A500FFC677 /* Preview Assets.xcassets in Resources */,
				7155369129A9F9A500FFC677 /* Assets.xcassets in Resources */,
			);
			runOnlyForDeploymentPostprocessing = 0;
		};
		7155369829A9F9A500FFC677 /* Resources */ = {
			isa = PBXResourcesBuildPhase;
			buildActionMask = 2147483647;
			files = (
			);
			runOnlyForDeploymentPostprocessing = 0;
		};
		715536A229A9F9A600FFC677 /* Resources */ = {
			isa = PBXResourcesBuildPhase;
			buildActionMask = 2147483647;
			files = (
			);
			runOnlyForDeploymentPostprocessing = 0;
		};
/* End PBXResourcesBuildPhase section */

/* Begin PBXSourcesBuildPhase section */
		7155368029A9F9A400FFC677 /* Sources */ = {
			isa = PBXSourcesBuildPhase;
			buildActionMask = 2147483647;
			files = (
				7153AC1F29B445F80022E1A9 /* SocketIOManagerDefault.swift in Sources */,
				7155368D29A9F9A400FFC677 /* ChatApp.xcdatamodeld in Sources */,
				7155368829A9F9A400FFC677 /* ChatAppApp.swift in Sources */,
				715536BE29AA1EAF00FFC677 /* ChatViewModel.swift in Sources */,
				7155368F29A9F9A400FFC677 /* ContentView.swift in Sources */,
				71CBAEFF29AE1C73002C490F /* AppUrl.swift in Sources */,
				715536C029AA219A00FFC677 /* ChatView.swift in Sources */,
				715536B829A9FCD700FFC677 /* ChatRow.swift in Sources */,
				71CBAEFD29AE1BA5002C490F /* SocketHelper.swift in Sources */,
				7153AC2329B447430022E1A9 /* Managers.swift in Sources */,
				7153AC2129B4461E0022E1A9 /* SocketIOManager.swift in Sources */,
				7155368A29A9F9A400FFC677 /* Persistence.swift in Sources */,
				7110C8DC29B61DF100D4BBAA /* ChatDataModel.swift in Sources */,
				715536BC29AA106E00FFC677 /* DateHelper.swift in Sources */,
				715536BA29A9FF9F00FFC677 /* ChatModel.swift in Sources */,
			);
			runOnlyForDeploymentPostprocessing = 0;
		};
		7155369629A9F9A500FFC677 /* Sources */ = {
			isa = PBXSourcesBuildPhase;
			buildActionMask = 2147483647;
			files = (
				7155369F29A9F9A600FFC677 /* ChatAppTests.swift in Sources */,
			);
			runOnlyForDeploymentPostprocessing = 0;
		};
		715536A029A9F9A600FFC677 /* Sources */ = {
			isa = PBXSourcesBuildPhase;
			buildActionMask = 2147483647;
			files = (
				715536AB29A9F9A600FFC677 /* ChatAppUITestsLaunchTests.swift in Sources */,
				715536A929A9F9A600FFC677 /* ChatAppUITests.swift in Sources */,
			);
			runOnlyForDeploymentPostprocessing = 0;
		};
/* End PBXSourcesBuildPhase section */

/* Begin PBXTargetDependency section */
		7155369C29A9F9A600FFC677 /* PBXTargetDependency */ = {
			isa = PBXTargetDependency;
			target = 7155368329A9F9A400FFC677 /* ChatApp */;
			targetProxy = 7155369B29A9F9A600FFC677 /* PBXContainerItemProxy */;
		};
		715536A629A9F9A600FFC677 /* PBXTargetDependency */ = {
			isa = PBXTargetDependency;
			target = 7155368329A9F9A400FFC677 /* ChatApp */;
			targetProxy = 715536A529A9F9A600FFC677 /* PBXContainerItemProxy */;
		};
/* End PBXTargetDependency section */

/* Begin XCBuildConfiguration section */
		715536AC29A9F9A600FFC677 /* Debug */ = {
			isa = XCBuildConfiguration;
			buildSettings = {
				ALWAYS_SEARCH_USER_PATHS = NO;
				CLANG_ANALYZER_NONNULL = YES;
				CLANG_ANALYZER_NUMBER_OBJECT_CONVERSION = YES_AGGRESSIVE;
				CLANG_CXX_LANGUAGE_STANDARD = "gnu++20";
				CLANG_ENABLE_MODULES = YES;
				CLANG_ENABLE_OBJC_ARC = YES;
				CLANG_ENABLE_OBJC_WEAK = YES;
				CLANG_WARN_BLOCK_CAPTURE_AUTORELEASING = YES;
				CLANG_WARN_BOOL_CONVERSION = YES;
				CLANG_WARN_COMMA = YES;
				CLANG_WARN_CONSTANT_CONVERSION = YES;
				CLANG_WARN_DEPRECATED_OBJC_IMPLEMENTATIONS = YES;
				CLANG_WARN_DIRECT_OBJC_ISA_USAGE = YES_ERROR;
				CLANG_WARN_DOCUMENTATION_COMMENTS = YES;
				CLANG_WARN_EMPTY_BODY = YES;
				CLANG_WARN_ENUM_CONVERSION = YES;
				CLANG_WARN_INFINITE_RECURSION = YES;
				CLANG_WARN_INT_CONVERSION = YES;
				CLANG_WARN_NON_LITERAL_NULL_CONVERSION = YES;
				CLANG_WARN_OBJC_IMPLICIT_RETAIN_SELF = YES;
				CLANG_WARN_OBJC_LITERAL_CONVERSION = YES;
				CLANG_WARN_OBJC_ROOT_CLASS = YES_ERROR;
				CLANG_WARN_QUOTED_INCLUDE_IN_FRAMEWORK_HEADER = YES;
				CLANG_WARN_RANGE_LOOP_ANALYSIS = YES;
				CLANG_WARN_STRICT_PROTOTYPES = YES;
				CLANG_WARN_SUSPICIOUS_MOVE = YES;
				CLANG_WARN_UNGUARDED_AVAILABILITY = YES_AGGRESSIVE;
				CLANG_WARN_UNREACHABLE_CODE = YES;
				CLANG_WARN__DUPLICATE_METHOD_MATCH = YES;
				COPY_PHASE_STRIP = NO;
				DEBUG_INFORMATION_FORMAT = dwarf;
				ENABLE_STRICT_OBJC_MSGSEND = YES;
				ENABLE_TESTABILITY = YES;
				GCC_C_LANGUAGE_STANDARD = gnu11;
				GCC_DYNAMIC_NO_PIC = NO;
				GCC_NO_COMMON_BLOCKS = YES;
				GCC_OPTIMIZATION_LEVEL = 0;
				GCC_PREPROCESSOR_DEFINITIONS = (
					"DEBUG=1",
					"$(inherited)",
				);
				GCC_WARN_64_TO_32_BIT_CONVERSION = YES;
				GCC_WARN_ABOUT_RETURN_TYPE = YES_ERROR;
				GCC_WARN_UNDECLARED_SELECTOR = YES;
				GCC_WARN_UNINITIALIZED_AUTOS = YES_AGGRESSIVE;
				GCC_WARN_UNUSED_FUNCTION = YES;
				GCC_WARN_UNUSED_VARIABLE = YES;
				MTL_ENABLE_DEBUG_INFO = INCLUDE_SOURCE;
				MTL_FAST_MATH = YES;
				ONLY_ACTIVE_ARCH = YES;
				SWIFT_ACTIVE_COMPILATION_CONDITIONS = DEBUG;
				SWIFT_OPTIMIZATION_LEVEL = "-Onone";
			};
			name = Debug;
		};
		715536AD29A9F9A600FFC677 /* Release */ = {
			isa = XCBuildConfiguration;
			buildSettings = {
				ALWAYS_SEARCH_USER_PATHS = NO;
				CLANG_ANALYZER_NONNULL = YES;
				CLANG_ANALYZER_NUMBER_OBJECT_CONVERSION = YES_AGGRESSIVE;
				CLANG_CXX_LANGUAGE_STANDARD = "gnu++20";
				CLANG_ENABLE_MODULES = YES;
				CLANG_ENABLE_OBJC_ARC = YES;
				CLANG_ENABLE_OBJC_WEAK = YES;
				CLANG_WARN_BLOCK_CAPTURE_AUTORELEASING = YES;
				CLANG_WARN_BOOL_CONVERSION = YES;
				CLANG_WARN_COMMA = YES;
				CLANG_WARN_CONSTANT_CONVERSION = YES;
				CLANG_WARN_DEPRECATED_OBJC_IMPLEMENTATIONS = YES;
				CLANG_WARN_DIRECT_OBJC_ISA_USAGE = YES_ERROR;
				CLANG_WARN_DOCUMENTATION_COMMENTS = YES;
				CLANG_WARN_EMPTY_BODY = YES;
				CLANG_WARN_ENUM_CONVERSION = YES;
				CLANG_WARN_INFINITE_RECURSION = YES;
				CLANG_WARN_INT_CONVERSION = YES;
				CLANG_WARN_NON_LITERAL_NULL_CONVERSION = YES;
				CLANG_WARN_OBJC_IMPLICIT_RETAIN_SELF = YES;
				CLANG_WARN_OBJC_LITERAL_CONVERSION = YES;
				CLANG_WARN_OBJC_ROOT_CLASS = YES_ERROR;
				CLANG_WARN_QUOTED_INCLUDE_IN_FRAMEWORK_HEADER = YES;
				CLANG_WARN_RANGE_LOOP_ANALYSIS = YES;
				CLANG_WARN_STRICT_PROTOTYPES = YES;
				CLANG_WARN_SUSPICIOUS_MOVE = YES;
				CLANG_WARN_UNGUARDED_AVAILABILITY = YES_AGGRESSIVE;
				CLANG_WARN_UNREACHABLE_CODE = YES;
				CLANG_WARN__DUPLICATE_METHOD_MATCH = YES;
				COPY_PHASE_STRIP = NO;
				DEBUG_INFORMATION_FORMAT = "dwarf-with-dsym";
				ENABLE_NS_ASSERTIONS = NO;
				ENABLE_STRICT_OBJC_MSGSEND = YES;
				GCC_C_LANGUAGE_STANDARD = gnu11;
				GCC_NO_COMMON_BLOCKS = YES;
				GCC_WARN_64_TO_32_BIT_CONVERSION = YES;
				GCC_WARN_ABOUT_RETURN_TYPE = YES_ERROR;
				GCC_WARN_UNDECLARED_SELECTOR = YES;
				GCC_WARN_UNINITIALIZED_AUTOS = YES_AGGRESSIVE;
				GCC_WARN_UNUSED_FUNCTION = YES;
				GCC_WARN_UNUSED_VARIABLE = YES;
				MTL_ENABLE_DEBUG_INFO = NO;
				MTL_FAST_MATH = YES;
				SWIFT_COMPILATION_MODE = wholemodule;
				SWIFT_OPTIMIZATION_LEVEL = "-O";
			};
			name = Release;
		};
		715536AF29A9F9A600FFC677 /* Debug */ = {
			isa = XCBuildConfiguration;
			buildSettings = {
				ASSETCATALOG_COMPILER_APPICON_NAME = AppIcon;
				ASSETCATALOG_COMPILER_GLOBAL_ACCENT_COLOR_NAME = AccentColor;
				CODE_SIGN_ENTITLEMENTS = ChatApp/ChatApp.entitlements;
				CODE_SIGN_STYLE = Automatic;
				CURRENT_PROJECT_VERSION = 1;
				DEVELOPMENT_ASSET_PATHS = "\"ChatApp/Preview Content\"";
				DEVELOPMENT_TEAM = 9Q5VRYZA23;
				ENABLE_HARDENED_RUNTIME = YES;
				ENABLE_PREVIEWS = YES;
				GENERATE_INFOPLIST_FILE = YES;
				INFOPLIST_FILE = ChatApp/Info.plist;
				"INFOPLIST_KEY_UIApplicationSceneManifest_Generation[sdk=iphoneos*]" = YES;
				"INFOPLIST_KEY_UIApplicationSceneManifest_Generation[sdk=iphonesimulator*]" = YES;
				"INFOPLIST_KEY_UIApplicationSupportsIndirectInputEvents[sdk=iphoneos*]" = YES;
				"INFOPLIST_KEY_UIApplicationSupportsIndirectInputEvents[sdk=iphonesimulator*]" = YES;
				"INFOPLIST_KEY_UILaunchScreen_Generation[sdk=iphoneos*]" = YES;
				"INFOPLIST_KEY_UILaunchScreen_Generation[sdk=iphonesimulator*]" = YES;
				"INFOPLIST_KEY_UIStatusBarStyle[sdk=iphoneos*]" = UIStatusBarStyleDefault;
				"INFOPLIST_KEY_UIStatusBarStyle[sdk=iphonesimulator*]" = UIStatusBarStyleDefault;
				INFOPLIST_KEY_UISupportedInterfaceOrientations_iPad = "UIInterfaceOrientationPortrait UIInterfaceOrientationPortraitUpsideDown UIInterfaceOrientationLandscapeLeft UIInterfaceOrientationLandscapeRight";
				INFOPLIST_KEY_UISupportedInterfaceOrientations_iPhone = "UIInterfaceOrientationPortrait UIInterfaceOrientationLandscapeLeft UIInterfaceOrientationLandscapeRight";
				IPHONEOS_DEPLOYMENT_TARGET = 16.2;
				LD_RUNPATH_SEARCH_PATHS = "@executable_path/Frameworks";
				"LD_RUNPATH_SEARCH_PATHS[sdk=macosx*]" = "@executable_path/../Frameworks";
				MACOSX_DEPLOYMENT_TARGET = 13.1;
				MARKETING_VERSION = 1.0;
				PRODUCT_BUNDLE_IDENTIFIER = "com.chat-app.ChatApp";
				PRODUCT_NAME = "$(TARGET_NAME)";
				SDKROOT = auto;
				SUPPORTED_PLATFORMS = "iphoneos iphonesimulator macosx";
				SWIFT_EMIT_LOC_STRINGS = YES;
				SWIFT_VERSION = 5.0;
				TARGETED_DEVICE_FAMILY = "1,2";
			};
			name = Debug;
		};
		715536B029A9F9A600FFC677 /* Release */ = {
			isa = XCBuildConfiguration;
			buildSettings = {
				ASSETCATALOG_COMPILER_APPICON_NAME = AppIcon;
				ASSETCATALOG_COMPILER_GLOBAL_ACCENT_COLOR_NAME = AccentColor;
				CODE_SIGN_ENTITLEMENTS = ChatApp/ChatApp.entitlements;
				CODE_SIGN_STYLE = Automatic;
				CURRENT_PROJECT_VERSION = 1;
				DEVELOPMENT_ASSET_PATHS = "\"ChatApp/Preview Content\"";
				DEVELOPMENT_TEAM = 9Q5VRYZA23;
				ENABLE_HARDENED_RUNTIME = YES;
				ENABLE_PREVIEWS = YES;
				GENERATE_INFOPLIST_FILE = YES;
				INFOPLIST_FILE = ChatApp/Info.plist;
				"INFOPLIST_KEY_UIApplicationSceneManifest_Generation[sdk=iphoneos*]" = YES;
				"INFOPLIST_KEY_UIApplicationSceneManifest_Generation[sdk=iphonesimulator*]" = YES;
				"INFOPLIST_KEY_UIApplicationSupportsIndirectInputEvents[sdk=iphoneos*]" = YES;
				"INFOPLIST_KEY_UIApplicationSupportsIndirectInputEvents[sdk=iphonesimulator*]" = YES;
				"INFOPLIST_KEY_UILaunchScreen_Generation[sdk=iphoneos*]" = YES;
				"INFOPLIST_KEY_UILaunchScreen_Generation[sdk=iphonesimulator*]" = YES;
				"INFOPLIST_KEY_UIStatusBarStyle[sdk=iphoneos*]" = UIStatusBarStyleDefault;
				"INFOPLIST_KEY_UIStatusBarStyle[sdk=iphonesimulator*]" = UIStatusBarStyleDefault;
				INFOPLIST_KEY_UISupportedInterfaceOrientations_iPad = "UIInterfaceOrientationPortrait UIInterfaceOrientationPortraitUpsideDown UIInterfaceOrientationLandscapeLeft UIInterfaceOrientationLandscapeRight";
				INFOPLIST_KEY_UISupportedInterfaceOrientations_iPhone = "UIInterfaceOrientationPortrait UIInterfaceOrientationLandscapeLeft UIInterfaceOrientationLandscapeRight";
				IPHONEOS_DEPLOYMENT_TARGET = 16.2;
				LD_RUNPATH_SEARCH_PATHS = "@executable_path/Frameworks";
				"LD_RUNPATH_SEARCH_PATHS[sdk=macosx*]" = "@executable_path/../Frameworks";
				MACOSX_DEPLOYMENT_TARGET = 13.1;
				MARKETING_VERSION = 1.0;
				PRODUCT_BUNDLE_IDENTIFIER = "com.chat-app.ChatApp";
				PRODUCT_NAME = "$(TARGET_NAME)";
				SDKROOT = auto;
				SUPPORTED_PLATFORMS = "iphoneos iphonesimulator macosx";
				SWIFT_EMIT_LOC_STRINGS = YES;
				SWIFT_VERSION = 5.0;
				TARGETED_DEVICE_FAMILY = "1,2";
			};
			name = Release;
		};
		715536B229A9F9A600FFC677 /* Debug */ = {
			isa = XCBuildConfiguration;
			buildSettings = {
				ALWAYS_EMBED_SWIFT_STANDARD_LIBRARIES = YES;
				BUNDLE_LOADER = "$(TEST_HOST)";
				CODE_SIGN_STYLE = Automatic;
				CURRENT_PROJECT_VERSION = 1;
				DEVELOPMENT_TEAM = 9Q5VRYZA23;
				GENERATE_INFOPLIST_FILE = YES;
				IPHONEOS_DEPLOYMENT_TARGET = 16.2;
				MACOSX_DEPLOYMENT_TARGET = 13.1;
				MARKETING_VERSION = 1.0;
				PRODUCT_BUNDLE_IDENTIFIER = "com.chat-app.ChatAppTests";
				PRODUCT_NAME = "$(TARGET_NAME)";
				SDKROOT = auto;
				SUPPORTED_PLATFORMS = "iphoneos iphonesimulator macosx";
				SWIFT_EMIT_LOC_STRINGS = NO;
				SWIFT_VERSION = 5.0;
				TARGETED_DEVICE_FAMILY = "1,2";
				TEST_HOST = "$(BUILT_PRODUCTS_DIR)/ChatApp.app/$(BUNDLE_EXECUTABLE_FOLDER_PATH)/ChatApp";
			};
			name = Debug;
		};
		715536B329A9F9A600FFC677 /* Release */ = {
			isa = XCBuildConfiguration;
			buildSettings = {
				ALWAYS_EMBED_SWIFT_STANDARD_LIBRARIES = YES;
				BUNDLE_LOADER = "$(TEST_HOST)";
				CODE_SIGN_STYLE = Automatic;
				CURRENT_PROJECT_VERSION = 1;
				DEVELOPMENT_TEAM = 9Q5VRYZA23;
				GENERATE_INFOPLIST_FILE = YES;
				IPHONEOS_DEPLOYMENT_TARGET = 16.2;
				MACOSX_DEPLOYMENT_TARGET = 13.1;
				MARKETING_VERSION = 1.0;
				PRODUCT_BUNDLE_IDENTIFIER = "com.chat-app.ChatAppTests";
				PRODUCT_NAME = "$(TARGET_NAME)";
				SDKROOT = auto;
				SUPPORTED_PLATFORMS = "iphoneos iphonesimulator macosx";
				SWIFT_EMIT_LOC_STRINGS = NO;
				SWIFT_VERSION = 5.0;
				TARGETED_DEVICE_FAMILY = "1,2";
				TEST_HOST = "$(BUILT_PRODUCTS_DIR)/ChatApp.app/$(BUNDLE_EXECUTABLE_FOLDER_PATH)/ChatApp";
			};
			name = Release;
		};
		715536B529A9F9A600FFC677 /* Debug */ = {
			isa = XCBuildConfiguration;
			buildSettings = {
				ALWAYS_EMBED_SWIFT_STANDARD_LIBRARIES = YES;
				CODE_SIGN_STYLE = Automatic;
				CURRENT_PROJECT_VERSION = 1;
				DEVELOPMENT_TEAM = 9Q5VRYZA23;
				GENERATE_INFOPLIST_FILE = YES;
				IPHONEOS_DEPLOYMENT_TARGET = 16.2;
				MACOSX_DEPLOYMENT_TARGET = 13.1;
				MARKETING_VERSION = 1.0;
				PRODUCT_BUNDLE_IDENTIFIER = "com.chat-app.ChatAppUITests";
				PRODUCT_NAME = "$(TARGET_NAME)";
				SDKROOT = auto;
				SUPPORTED_PLATFORMS = "iphoneos iphonesimulator macosx";
				SWIFT_EMIT_LOC_STRINGS = NO;
				SWIFT_VERSION = 5.0;
				TARGETED_DEVICE_FAMILY = "1,2";
				TEST_TARGET_NAME = ChatApp;
			};
			name = Debug;
		};
		715536B629A9F9A600FFC677 /* Release */ = {
			isa = XCBuildConfiguration;
			buildSettings = {
				ALWAYS_EMBED_SWIFT_STANDARD_LIBRARIES = YES;
				CODE_SIGN_STYLE = Automatic;
				CURRENT_PROJECT_VERSION = 1;
				DEVELOPMENT_TEAM = 9Q5VRYZA23;
				GENERATE_INFOPLIST_FILE = YES;
				IPHONEOS_DEPLOYMENT_TARGET = 16.2;
				MACOSX_DEPLOYMENT_TARGET = 13.1;
				MARKETING_VERSION = 1.0;
				PRODUCT_BUNDLE_IDENTIFIER = "com.chat-app.ChatAppUITests";
				PRODUCT_NAME = "$(TARGET_NAME)";
				SDKROOT = auto;
				SUPPORTED_PLATFORMS = "iphoneos iphonesimulator macosx";
				SWIFT_EMIT_LOC_STRINGS = NO;
				SWIFT_VERSION = 5.0;
				TARGETED_DEVICE_FAMILY = "1,2";
				TEST_TARGET_NAME = ChatApp;
			};
			name = Release;
		};
/* End XCBuildConfiguration section */

/* Begin XCConfigurationList section */
		7155367F29A9F9A400FFC677 /* Build configuration list for PBXProject "ChatApp" */ = {
			isa = XCConfigurationList;
			buildConfigurations = (
				715536AC29A9F9A600FFC677 /* Debug */,
				715536AD29A9F9A600FFC677 /* Release */,
			);
			defaultConfigurationIsVisible = 0;
			defaultConfigurationName = Release;
		};
		715536AE29A9F9A600FFC677 /* Build configuration list for PBXNativeTarget "ChatApp" */ = {
			isa = XCConfigurationList;
			buildConfigurations = (
				715536AF29A9F9A600FFC677 /* Debug */,
				715536B029A9F9A600FFC677 /* Release */,
			);
			defaultConfigurationIsVisible = 0;
			defaultConfigurationName = Release;
		};
		715536B129A9F9A600FFC677 /* Build configuration list for PBXNativeTarget "ChatAppTests" */ = {
			isa = XCConfigurationList;
			buildConfigurations = (
				715536B229A9F9A600FFC677 /* Debug */,
				715536B329A9F9A600FFC677 /* Release */,
			);
			defaultConfigurationIsVisible = 0;
			defaultConfigurationName = Release;
		};
		715536B429A9F9A600FFC677 /* Build configuration list for PBXNativeTarget "ChatAppUITests" */ = {
			isa = XCConfigurationList;
			buildConfigurations = (
				715536B529A9F9A600FFC677 /* Debug */,
				715536B629A9F9A600FFC677 /* Release */,
			);
			defaultConfigurationIsVisible = 0;
			defaultConfigurationName = Release;
		};
/* End XCConfigurationList section */

/* Begin XCRemoteSwiftPackageReference section */
		71CBAEF929AE0C1E002C490F /* XCRemoteSwiftPackageReference "socket" */ = {
			isa = XCRemoteSwiftPackageReference;
			repositoryURL = "https://github.com/socketio/socket.io-client-swift/";
			requirement = {
				branch = master;
				kind = branch;
			};
		};
/* End XCRemoteSwiftPackageReference section */

/* Begin XCSwiftPackageProductDependency section */
		71CBAEFA29AE0C1E002C490F /* SocketIO */ = {
			isa = XCSwiftPackageProductDependency;
			package = 71CBAEF929AE0C1E002C490F /* XCRemoteSwiftPackageReference "socket" */;
			productName = SocketIO;
		};
/* End XCSwiftPackageProductDependency section */

/* Begin XCVersionGroup section */
		7155368B29A9F9A400FFC677 /* ChatApp.xcdatamodeld */ = {
			isa = XCVersionGroup;
			children = (
				7155368C29A9F9A400FFC677 /* ChatApp.xcdatamodel */,
			);
			currentVersion = 7155368C29A9F9A400FFC677 /* ChatApp.xcdatamodel */;
			path = ChatApp.xcdatamodeld;
			sourceTree = "<group>";
			versionGroupType = wrapper.xcdatamodel;
		};
/* End XCVersionGroup section */
	};
	rootObject = 7155367C29A9F9A400FFC677 /* Project object */;
}
